
Microsoft Visual Studio Solution File, Format Version 12.00
# Visual Studio 15
VisualStudioVersion = 15.0.28307.421
MinimumVisualStudioVersion = 10.0.40219.1
Project("{FAE04EC0-301F-11D3-BF4B-00C04F79EFBC}") = "Services", "Services\Services.csproj", "{DF015477-4952-4F77-B249-6083E9F360B3}"
EndProject
Project("{FAE04EC0-301F-11D3-BF4B-00C04F79EFBC}") = "IHome", "IHome\IHome.csproj", "{619D9167-089F-49F2-8CFD-941B98537520}"
EndProject
Global
	GlobalSection(SolutionConfigurationPlatforms) = preSolution
		Debug|Any CPU = Debug|Any CPU
		Release|Any CPU = Release|Any CPU
	EndGlobalSection
	GlobalSection(ProjectConfigurationPlatforms) = postSolution
		{DF015477-4952-4F77-B249-6083E9F360B3}.Debug|Any CPU.ActiveCfg = Debug|Any CPU
		{DF015477-4952-4F77-B249-6083E9F360B3}.Debug|Any CPU.Build.0 = Debug|Any CPU
		{DF015477-4952-4F77-B249-6083E9F360B3}.Release|Any CPU.ActiveCfg = Release|Any CPU
		{DF015477-4952-4F77-B249-6083E9F360B3}.Release|Any CPU.Build.0 = Release|Any CPU
		{619D9167-089F-49F2-8CFD-941B98537520}.Debug|Any CPU.ActiveCfg = Debug|Any CPU
		{619D9167-089F-49F2-8CFD-941B98537520}.Debug|Any CPU.Build.0 = Debug|Any CPU
		{619D9167-089F-49F2-8CFD-941B98537520}.Release|Any CPU.ActiveCfg = Release|Any CPU
		{619D9167-089F-49F2-8CFD-941B98537520}.Release|Any CPU.Build.0 = Release|Any CPU
	EndGlobalSection
	GlobalSection(SolutionProperties) = preSolution
		HideSolutionNode = FALSE
	EndGlobalSection
	GlobalSection(ExtensibilityGlobals) = postSolution
		SolutionGuid = {07957AEC-9E6F-40A5-82CE-DDB83A63C3D7}
	EndGlobalSection
EndGlobal
